// !$*UTF8*$!
{
	archiveVersion = 1;
	classes = {
	};
	objectVersion = 55;
	objects = {

/* Begin PBXBuildFile section */
		842F3FB62A57ACD100DB2208 /* AppDelegate.swift in Sources */ = {isa = PBXBuildFile; fileRef = 842F3FB52A57ACD100DB2208 /* AppDelegate.swift */; };
		842F3FB82A57ACD100DB2208 /* SceneDelegate.swift in Sources */ = {isa = PBXBuildFile; fileRef = 842F3FB72A57ACD100DB2208 /* SceneDelegate.swift */; };
		842F3FBA2A57ACD100DB2208 /* PostsViewController.swift in Sources */ = {isa = PBXBuildFile; fileRef = 842F3FB92A57ACD100DB2208 /* PostsViewController.swift */; };
		842F3FBD2A57ACD100DB2208 /* Main.storyboard in Resources */ = {isa = PBXBuildFile; fileRef = 842F3FBB2A57ACD100DB2208 /* Main.storyboard */; };
		842F3FBF2A57ACD600DB2208 /* Assets.xcassets in Resources */ = {isa = PBXBuildFile; fileRef = 842F3FBE2A57ACD600DB2208 /* Assets.xcassets */; };
		842F3FC22A57ACD600DB2208 /* LaunchScreen.storyboard in Resources */ = {isa = PBXBuildFile; fileRef = 842F3FC02A57ACD600DB2208 /* LaunchScreen.storyboard */; };
		842F3FCD2A57AEBD00DB2208 /* NewsAPI.swift in Sources */ = {isa = PBXBuildFile; fileRef = 842F3FCC2A57AEBD00DB2208 /* NewsAPI.swift */; };
		84FB93092A58C1D7008BD6BD /* Posts.swift in Sources */ = {isa = PBXBuildFile; fileRef = 84FB93082A58C1D7008BD6BD /* Posts.swift */; };
		84FB930B2A58CE43008BD6BD /* DetailsViewController.swift in Sources */ = {isa = PBXBuildFile; fileRef = 84FB930A2A58CE43008BD6BD /* DetailsViewController.swift */; };
/* End PBXBuildFile section */

/* Begin PBXFileReference section */
		842F3FB22A57ACD100DB2208 /* Arab News.app */ = {isa = PBXFileReference; explicitFileType = wrapper.application; includeInIndex = 0; path = "Arab News.app"; sourceTree = BUILT_PRODUCTS_DIR; };
		842F3FB52A57ACD100DB2208 /* AppDelegate.swift */ = {isa = PBXFileReference; lastKnownFileType = sourcecode.swift; path = AppDelegate.swift; sourceTree = "<group>"; };
		842F3FB72A57ACD100DB2208 /* SceneDelegate.swift */ = {isa = PBXFileReference; lastKnownFileType = sourcecode.swift; path = SceneDelegate.swift; sourceTree = "<group>"; };
		842F3FB92A57ACD100DB2208 /* PostsViewController.swift */ = {isa = PBXFileReference; lastKnownFileType = sourcecode.swift; path = PostsViewController.swift; sourceTree = "<group>"; };
		842F3FBC2A57ACD100DB2208 /* Base */ = {isa = PBXFileReference; lastKnownFileType = file.storyboard; name = Base; path = Base.lproj/Main.storyboard; sourceTree = "<group>"; };
		842F3FBE2A57ACD600DB2208 /* Assets.xcassets */ = {isa = PBXFileReference; lastKnownFileType = folder.assetcatalog; path = Assets.xcassets; sourceTree = "<group>"; };
		842F3FC12A57ACD600DB2208 /* Base */ = {isa = PBXFileReference; lastKnownFileType = file.storyboard; name = Base; path = Base.lproj/LaunchScreen.storyboard; sourceTree = "<group>"; };
		842F3FC32A57ACD600DB2208 /* Info.plist */ = {isa = PBXFileReference; lastKnownFileType = text.plist.xml; path = Info.plist; sourceTree = "<group>"; };
		842F3FCC2A57AEBD00DB2208 /* NewsAPI.swift */ = {isa = PBXFileReference; lastKnownFileType = sourcecode.swift; path = NewsAPI.swift; sourceTree = "<group>"; };
		84FB93082A58C1D7008BD6BD /* Posts.swift */ = {isa = PBXFileReference; lastKnownFileType = sourcecode.swift; path = Posts.swift; sourceTree = "<group>"; };
		84FB930A2A58CE43008BD6BD /* DetailsViewController.swift */ = {isa = PBXFileReference; lastKnownFileType = sourcecode.swift; path = DetailsViewController.swift; sourceTree = "<group>"; };
/* End PBXFileReference section */

/* Begin PBXFrameworksBuildPhase section */
		842F3FAF2A57ACD100DB2208 /* Frameworks */ = {
			isa = PBXFrameworksBuildPhase;
			buildActionMask = 2147483647;
			files = (
			);
			runOnlyForDeploymentPostprocessing = 0;
		};
/* End PBXFrameworksBuildPhase section */

/* Begin PBXGroup section */
		842F3FA92A57ACD100DB2208 = {
			isa = PBXGroup;
			children = (
				842F3FB42A57ACD100DB2208 /* Arab News */,
				842F3FB32A57ACD100DB2208 /* Products */,
			);
			sourceTree = "<group>";
		};
		842F3FB32A57ACD100DB2208 /* Products */ = {
			isa = PBXGroup;
			children = (
				842F3FB22A57ACD100DB2208 /* Arab News.app */,
			);
			name = Products;
			sourceTree = "<group>";
		};
		842F3FB42A57ACD100DB2208 /* Arab News */ = {
			isa = PBXGroup;
			children = (
				842F3FCB2A57AE5700DB2208 /* Controller */,
				842F3FCA2A57AE5000DB2208 /* View */,
				842F3FC92A57AE4A00DB2208 /* Model */,
				842F3FBE2A57ACD600DB2208 /* Assets.xcassets */,
				842F3FC32A57ACD600DB2208 /* Info.plist */,
			);
			path = "Arab News";
			sourceTree = "<group>";
		};
		842F3FC92A57AE4A00DB2208 /* Model */ = {
			isa = PBXGroup;
			children = (
				842F3FCC2A57AEBD00DB2208 /* NewsAPI.swift */,
				84FB93082A58C1D7008BD6BD /* Posts.swift */,
			);
			path = Model;
			sourceTree = "<group>";
		};
		842F3FCA2A57AE5000DB2208 /* View */ = {
			isa = PBXGroup;
			children = (
				842F3FBB2A57ACD100DB2208 /* Main.storyboard */,
				842F3FC02A57ACD600DB2208 /* LaunchScreen.storyboard */,
			);
			path = View;
			sourceTree = "<group>";
		};
		842F3FCB2A57AE5700DB2208 /* Controller */ = {
			isa = PBXGroup;
			children = (
				842F3FB52A57ACD100DB2208 /* AppDelegate.swift */,
				842F3FB72A57ACD100DB2208 /* SceneDelegate.swift */,
				842F3FB92A57ACD100DB2208 /* PostsViewController.swift */,
				84FB930A2A58CE43008BD6BD /* DetailsViewController.swift */,
			);
			path = Controller;
			sourceTree = "<group>";
		};
/* End PBXGroup section */

/* Begin PBXNativeTarget section */
		842F3FB12A57ACD100DB2208 /* Arab News */ = {
			isa = PBXNativeTarget;
			buildConfigurationList = 842F3FC62A57ACD600DB2208 /* Build configuration list for PBXNativeTarget "Arab News" */;
			buildPhases = (
				842F3FAE2A57ACD100DB2208 /* Sources */,
				842F3FAF2A57ACD100DB2208 /* Frameworks */,
				842F3FB02A57ACD100DB2208 /* Resources */,
			);
			buildRules = (
			);
			dependencies = (
			);
			name = "Arab News";
			productName = "Arab News";
			productReference = 842F3FB22A57ACD100DB2208 /* Arab News.app */;
			productType = "com.apple.product-type.application";
		};
/* End PBXNativeTarget section */

/* Begin PBXProject section */
		842F3FAA2A57ACD100DB2208 /* Project object */ = {
			isa = PBXProject;
			attributes = {
				BuildIndependentTargetsInParallel = 1;
				LastSwiftUpdateCheck = 1320;
				LastUpgradeCheck = 1320;
				TargetAttributes = {
					842F3FB12A57ACD100DB2208 = {
						CreatedOnToolsVersion = 13.2.1;
					};
				};
			};
			buildConfigurationList = 842F3FAD2A57ACD100DB2208 /* Build configuration list for PBXProject "Arab News" */;
			compatibilityVersion = "Xcode 13.0";
			developmentRegion = en;
			hasScannedForEncodings = 0;
			knownRegions = (
				en,
				Base,
			);
			mainGroup = 842F3FA92A57ACD100DB2208;
			productRefGroup = 842F3FB32A57ACD100DB2208 /* Products */;
			projectDirPath = "";
			projectRoot = "";
			targets = (
				842F3FB12A57ACD100DB2208 /* Arab News */,
			);
		};
/* End PBXProject section */

/* Begin PBXResourcesBuildPhase section */
		842F3FB02A57ACD100DB2208 /* Resources */ = {
			isa = PBXResourcesBuildPhase;
			buildActionMask = 2147483647;
			files = (
				842F3FC22A57ACD600DB2208 /* LaunchScreen.storyboard in Resources */,
				842F3FBF2A57ACD600DB2208 /* Assets.xcassets in Resources */,
				842F3FBD2A57ACD100DB2208 /* Main.storyboard in Resources */,
			);
			runOnlyForDeploymentPostprocessing = 0;
		};
/* End PBXResourcesBuildPhase section */

/* Begin PBXSourcesBuildPhase section */
		842F3FAE2A57ACD100DB2208 /* Sources */ = {
			isa = PBXSourcesBuildPhase;
			buildActionMask = 2147483647;
			files = (
				842F3FBA2A57ACD100DB2208 /* PostsViewController.swift in Sources */,
				842F3FB62A57ACD100DB2208 /* AppDelegate.swift in Sources */,
				84FB93092A58C1D7008BD6BD /* Posts.swift in Sources */,
				842F3FB82A57ACD100DB2208 /* SceneDelegate.swift in Sources */,
				842F3FCD2A57AEBD00DB2208 /* NewsAPI.swift in Sources */,
				84FB930B2A58CE43008BD6BD /* DetailsViewController.swift in Sources */,
			);
			runOnlyForDeploymentPostprocessing = 0;
		};
/* End PBXSourcesBuildPhase section */

/* Begin PBXVariantGroup section */
		842F3FBB2A57ACD100DB2208 /* Main.storyboard */ = {
			isa = PBXVariantGroup;
			children = (
				842F3FBC2A57ACD100DB2208 /* Base */,
			);
			name = Main.storyboard;
			sourceTree = "<group>";
		};
		842F3FC02A57ACD600DB2208 /* LaunchScreen.storyboard */ = {
			isa = PBXVariantGroup;
			children = (
				842F3FC12A57ACD600DB2208 /* Base */,
			);
			name = LaunchScreen.storyboard;
			sourceTree = "<group>";
		};
/* End PBXVariantGroup section */

/* Begin XCBuildConfiguration section */
		842F3FC42A57ACD600DB2208 /* Debug */ = {
			isa = XCBuildConfiguration;
			buildSettings = {
				ALWAYS_SEARCH_USER_PATHS = NO;
				CLANG_ANALYZER_NONNULL = YES;
				CLANG_ANALYZER_NUMBER_OBJECT_CONVERSION = YES_AGGRESSIVE;
				CLANG_CXX_LANGUAGE_STANDARD = "gnu++17";
				CLANG_CXX_LIBRARY = "libc++";
				CLANG_ENABLE_MODULES = YES;
				CLANG_ENABLE_OBJC_ARC = YES;
				CLANG_ENABLE_OBJC_WEAK = YES;
				CLANG_WARN_BLOCK_CAPTURE_AUTORELEASING = YES;
				CLANG_WARN_BOOL_CONVERSION = YES;
				CLANG_WARN_COMMA = YES;
				CLANG_WARN_CONSTANT_CONVERSION = YES;
				CLANG_WARN_DEPRECATED_OBJC_IMPLEMENTATIONS = YES;
				CLANG_WARN_DIRECT_OBJC_ISA_USAGE = YES_ERROR;
				CLANG_WARN_DOCUMENTATION_COMMENTS = YES;
				CLANG_WARN_EMPTY_BODY = YES;
				CLANG_WARN_ENUM_CONVERSION = YES;
				CLANG_WARN_INFINITE_RECURSION = YES;
				CLANG_WARN_INT_CONVERSION = YES;
				CLANG_WARN_NON_LITERAL_NULL_CONVERSION = YES;
				CLANG_WARN_OBJC_IMPLICIT_RETAIN_SELF = YES;
				CLANG_WARN_OBJC_LITERAL_CONVERSION = YES;
				CLANG_WARN_OBJC_ROOT_CLASS = YES_ERROR;
				CLANG_WARN_QUOTED_INCLUDE_IN_FRAMEWORK_HEADER = YES;
				CLANG_WARN_RANGE_LOOP_ANALYSIS = YES;
				CLANG_WARN_STRICT_PROTOTYPES = YES;
				CLANG_WARN_SUSPICIOUS_MOVE = YES;
				CLANG_WARN_UNGUARDED_AVAILABILITY = YES_AGGRESSIVE;
				CLANG_WARN_UNREACHABLE_CODE = YES;
				CLANG_WARN__DUPLICATE_METHOD_MATCH = YES;
				COPY_PHASE_STRIP = NO;
				DEBUG_INFORMATION_FORMAT = dwarf;
				ENABLE_STRICT_OBJC_MSGSEND = YES;
				ENABLE_TESTABILITY = YES;
				GCC_C_LANGUAGE_STANDARD = gnu11;
				GCC_DYNAMIC_NO_PIC = NO;
				GCC_NO_COMMON_BLOCKS = YES;
				GCC_OPTIMIZATION_LEVEL = 0;
				GCC_PREPROCESSOR_DEFINITIONS = (
					"DEBUG=1",
					"$(inherited)",
				);
				GCC_WARN_64_TO_32_BIT_CONVERSION = YES;
				GCC_WARN_ABOUT_RETURN_TYPE = YES_ERROR;
				GCC_WARN_UNDECLARED_SELECTOR = YES;
				GCC_WARN_UNINITIALIZED_AUTOS = YES_AGGRESSIVE;
				GCC_WARN_UNUSED_FUNCTION = YES;
				GCC_WARN_UNUSED_VARIABLE = YES;
				IPHONEOS_DEPLOYMENT_TARGET = 15.2;
				MTL_ENABLE_DEBUG_INFO = INCLUDE_SOURCE;
				MTL_FAST_MATH = YES;
				ONLY_ACTIVE_ARCH = YES;
				SDKROOT = iphoneos;
				SWIFT_ACTIVE_COMPILATION_CONDITIONS = DEBUG;
				SWIFT_OPTIMIZATION_LEVEL = "-Onone";
			};
			name = Debug;
		};
		842F3FC52A57ACD600DB2208 /* Release */ = {
			isa = XCBuildConfiguration;
			buildSettings = {
				ALWAYS_SEARCH_USER_PATHS = NO;
				CLANG_ANALYZER_NONNULL = YES;
				CLANG_ANALYZER_NUMBER_OBJECT_CONVERSION = YES_AGGRESSIVE;
				CLANG_CXX_LANGUAGE_STANDARD = "gnu++17";
				CLANG_CXX_LIBRARY = "libc++";
				CLANG_ENABLE_MODULES = YES;
				CLANG_ENABLE_OBJC_ARC = YES;
				CLANG_ENABLE_OBJC_WEAK = YES;
				CLANG_WARN_BLOCK_CAPTURE_AUTORELEASING = YES;
				CLANG_WARN_BOOL_CONVERSION = YES;
				CLANG_WARN_COMMA = YES;
				CLANG_WARN_CONSTANT_CONVERSION = YES;
				CLANG_WARN_DEPRECATED_OBJC_IMPLEMENTATIONS = YES;
				CLANG_WARN_DIRECT_OBJC_ISA_USAGE = YES_ERROR;
				CLANG_WARN_DOCUMENTATION_COMMENTS = YES;
				CLANG_WARN_EMPTY_BODY = YES;
				CLANG_WARN_ENUM_CONVERSION = YES;
				CLANG_WARN_INFINITE_RECURSION = YES;
				CLANG_WARN_INT_CONVERSION = YES;
				CLANG_WARN_NON_LITERAL_NULL_CONVERSION = YES;
				CLANG_WARN_OBJC_IMPLICIT_RETAIN_SELF = YES;
				CLANG_WARN_OBJC_LITERAL_CONVERSION = YES;
				CLANG_WARN_OBJC_ROOT_CLASS = YES_ERROR;
				CLANG_WARN_QUOTED_INCLUDE_IN_FRAMEWORK_HEADER = YES;
				CLANG_WARN_RANGE_LOOP_ANALYSIS = YES;
				CLANG_WARN_STRICT_PROTOTYPES = YES;
				CLANG_WARN_SUSPICIOUS_MOVE = YES;
				CLANG_WARN_UNGUARDED_AVAILABILITY = YES_AGGRESSIVE;
				CLANG_WARN_UNREACHABLE_CODE = YES;
				CLANG_WARN__DUPLICATE_METHOD_MATCH = YES;
				COPY_PHASE_STRIP = NO;
				DEBUG_INFORMATION_FORMAT = "dwarf-with-dsym";
				ENABLE_NS_ASSERTIONS = NO;
				ENABLE_STRICT_OBJC_MSGSEND = YES;
				GCC_C_LANGUAGE_STANDARD = gnu11;
				GCC_NO_COMMON_BLOCKS = YES;
				GCC_WARN_64_TO_32_BIT_CONVERSION = YES;
				GCC_WARN_ABOUT_RETURN_TYPE = YES_ERROR;
				GCC_WARN_UNDECLARED_SELECTOR = YES;
				GCC_WARN_UNINITIALIZED_AUTOS = YES_AGGRESSIVE;
				GCC_WARN_UNUSED_FUNCTION = YES;
				GCC_WARN_UNUSED_VARIABLE = YES;
				IPHONEOS_DEPLOYMENT_TARGET = 15.2;
				MTL_ENABLE_DEBUG_INFO = NO;
				MTL_FAST_MATH = YES;
				SDKROOT = iphoneos;
				SWIFT_COMPILATION_MODE = wholemodule;
				SWIFT_OPTIMIZATION_LEVEL = "-O";
				VALIDATE_PRODUCT = YES;
			};
			name = Release;
		};
		842F3FC72A57ACD600DB2208 /* Debug */ = {
			isa = XCBuildConfiguration;
			buildSettings = {
				ASSETCATALOG_COMPILER_APPICON_NAME = AppIcon;
				ASSETCATALOG_COMPILER_GLOBAL_ACCENT_COLOR_NAME = AccentColor;
				CODE_SIGN_STYLE = Automatic;
				CURRENT_PROJECT_VERSION = 1;
				GENERATE_INFOPLIST_FILE = YES;
				INFOPLIST_FILE = "Arab News/Info.plist";
				INFOPLIST_KEY_UIApplicationSupportsIndirectInputEvents = YES;
				INFOPLIST_KEY_UILaunchStoryboardName = LaunchScreen;
				INFOPLIST_KEY_UIMainStoryboardFile = Main;
				INFOPLIST_KEY_UISupportedInterfaceOrientations_iPad = "UIInterfaceOrientationPortrait UIInterfaceOrientationPortraitUpsideDown UIInterfaceOrientationLandscapeLeft UIInterfaceOrientationLandscapeRight";
				INFOPLIST_KEY_UISupportedInterfaceOrientations_iPhone = "UIInterfaceOrientationPortrait UIInterfaceOrientationLandscapeLeft UIInterfaceOrientationLandscapeRight";
				IPHONEOS_DEPLOYMENT_TARGET = 13.0;
				LD_RUNPATH_SEARCH_PATHS = (
					"$(inherited)",
					"@executable_path/Frameworks",
				);
				MARKETING_VERSION = 1.0;
				PRODUCT_BUNDLE_IDENTIFIER = "com.Elkomey.Arab-News";
				PRODUCT_NAME = "$(TARGET_NAME)";
				SWIFT_EMIT_LOC_STRINGS = YES;
				SWIFT_VERSION = 5.0;
				TARGETED_DEVICE_FAMILY = "1,2";
			};
			name = Debug;
		};
		842F3FC82A57ACD600DB2208 /* Release */ = {
			isa = XCBuildConfiguration;
			buildSettings = {
				ASSETCATALOG_COMPILER_APPICON_NAME = AppIcon;
				ASSETCATALOG_COMPILER_GLOBAL_ACCENT_COLOR_NAME = AccentColor;
				CODE_SIGN_STYLE = Automatic;
				CURRENT_PROJECT_VERSION = 1;
				GENERATE_INFOPLIST_FILE = YES;
				INFOPLIST_FILE = "Arab News/Info.plist";
				INFOPLIST_KEY_UIApplicationSupportsIndirectInputEvents = YES;
				INFOPLIST_KEY_UILaunchStoryboardName = LaunchScreen;
				INFOPLIST_KEY_UIMainStoryboardFile = Main;
				INFOPLIST_KEY_UISupportedInterfaceOrientations_iPad = "UIInterfaceOrientationPortrait UIInterfaceOrientationPortraitUpsideDown UIInterfaceOrientationLandscapeLeft UIInterfaceOrientationLandscapeRight";
				INFOPLIST_KEY_UISupportedInterfaceOrientations_iPhone = "UIInterfaceOrientationPortrait UIInterfaceOrientationLandscapeLeft UIInterfaceOrientationLandscapeRight";
				IPHONEOS_DEPLOYMENT_TARGET = 13.0;
				LD_RUNPATH_SEARCH_PATHS = (
					"$(inherited)",
					"@executable_path/Frameworks",
				);
				MARKETING_VERSION = 1.0;
				PRODUCT_BUNDLE_IDENTIFIER = "com.Elkomey.Arab-News";
				PRODUCT_NAME = "$(TARGET_NAME)";
				SWIFT_EMIT_LOC_STRINGS = YES;
				SWIFT_VERSION = 5.0;
				TARGETED_DEVICE_FAMILY = "1,2";
			};
			name = Release;
		};
/* End XCBuildConfiguration section */

/* Begin XCConfigurationList section */
		842F3FAD2A57ACD100DB2208 /* Build configuration list for PBXProject "Arab News" */ = {
			isa = XCConfigurationList;
			buildConfigurations = (
				842F3FC42A57ACD600DB2208 /* Debug */,
				842F3FC52A57ACD600DB2208 /* Release */,
			);
			defaultConfigurationIsVisible = 0;
			defaultConfigurationName = Release;
		};
		842F3FC62A57ACD600DB2208 /* Build configuration list for PBXNativeTarget "Arab News" */ = {
			isa = XCConfigurationList;
			buildConfigurations = (
				842F3FC72A57ACD600DB2208 /* Debug */,
				842F3FC82A57ACD600DB2208 /* Release */,
			);
			defaultConfigurationIsVisible = 0;
			defaultConfigurationName = Release;
		};
/* End XCConfigurationList section */
	};
	rootObject = 842F3FAA2A57ACD100DB2208 /* Project object */;
}
